
Microsoft Visual Studio Solution File, Format Version 12.00
# Visual Studio Version 16
VisualStudioVersion = 16.0.29709.97
MinimumVisualStudioVersion = 10.0.40219.1
Project("{FAE04EC0-301F-11D3-BF4B-00C04F79EFBC}") = "testing", "testing\testing.csproj", "{5FDD5CAE-8507-4F8F-965B-CF52B76D54C9}"
EndProject
Global
	GlobalSection(SolutionConfigurationPlatforms) = preSolution
		Debug|Any CPU = Debug|Any CPU
		Release|Any CPU = Release|Any CPU
	EndGlobalSection
	GlobalSection(ProjectConfigurationPlatforms) = postSolution
		{5FDD5CAE-8507-4F8F-965B-CF52B76D54C9}.Debug|Any CPU.ActiveCfg = Debug|Any CPU
		{5FDD5CAE-8507-4F8F-965B-CF52B76D54C9}.Debug|Any CPU.Build.0 = Debug|Any CPU
		{5FDD5CAE-8507-4F8F-965B-CF52B76D54C9}.Release|Any CPU.ActiveCfg = Release|Any CPU
		{5FDD5CAE-8507-4F8F-965B-CF52B76D54C9}.Release|Any CPU.Build.0 = Release|Any CPU
	EndGlobalSection
	GlobalSection(SolutionProperties) = preSolution
		HideSolutionNode = FALSE
	EndGlobalSection
	GlobalSection(ExtensibilityGlobals) = postSolution
		SolutionGuid = {45CA11F1-9819-40CA-853B-080EE64CF3BE}
	EndGlobalSection
EndGlobal
